<?xml version="1.0" encoding="UTF-8"?>
<CONFIG>
  <ProjectOptions>
    <Version Value="11"/>
    <General>
      <SessionStorage Value="InProjectDir"/>
      <MainUnit Value="0"/>
      <AutoCreateForms Value="False"/>
      <Title Value="OceanShell"/>
      <Scaled Value="True"/>
      <UseAppBundle Value="False"/>
      <ResourceType Value="res"/>
      <UseXPManifest Value="True"/>
      <XPManifest>
        <DpiAware Value="True"/>
      </XPManifest>
      <Icon Value="0"/>
    </General>
    <i18n>
      <OutDir Value="../languages"/>
    </i18n>
    <BuildModes Count="1">
      <Item1 Name="Default" Default="True"/>
    </BuildModes>
    <PublishOptions>
      <Version Value="2"/>
    </PublishOptions>
    <RunParams>
      <FormatVersion Value="2"/>
      <Modes Count="1">
        <Mode0 Name="default"/>
      </Modes>
    </RunParams>
    <RequiredPackages Count="5">
      <Item1>
        <PackageName Value="DateTimeCtrls"/>
      </Item1>
      <Item2>
        <PackageName Value="TAChartLazarusPkg"/>
      </Item2>
      <Item3>
        <PackageName Value="FCL"/>
      </Item3>
      <Item4>
        <PackageName Value="SQLDBLaz"/>
      </Item4>
      <Item5>
        <PackageName Value="LCL"/>
      </Item5>
    </RequiredPackages>
    <Units Count="51">
      <Unit0>
        <Filename Value="OceanShell.lpr"/>
        <IsPartOfProject Value="True"/>
      </Unit0>
      <Unit1>
        <Filename Value="osmain.pas"/>
        <IsPartOfProject Value="True"/>
        <ComponentName Value="frmosmain"/>
        <HasResources Value="True"/>
        <ResourceBaseClass Value="Form"/>
      </Unit1>
      <Unit2>
        <Filename Value="dm.pas"/>
        <IsPartOfProject Value="True"/>
        <ComponentName Value="frmdm"/>
        <HasResources Value="True"/>
        <ResourceBaseClass Value="DataModule"/>
      </Unit2>
      <Unit3>
        <Filename Value="procedures.pas"/>
        <IsPartOfProject Value="True"/>
      </Unit3>
      <Unit4>
        <Filename Value="osload_itp.pas"/>
        <IsPartOfProject Value="True"/>
        <ComponentName Value="frmLoadITP"/>
        <HasResources Value="True"/>
        <ResourceBaseClass Value="Form"/>
      </Unit4>
      <Unit5>
        <Filename Value="ossettings.pas"/>
        <IsPartOfProject Value="True"/>
        <ComponentName Value="frmsettings"/>
        <HasResources Value="True"/>
        <ResourceBaseClass Value="Form"/>
      </Unit5>
      <Unit6>
        <Filename Value="gibbsseawater.pas"/>
        <IsPartOfProject Value="True"/>
        <UnitName Value="GibbsSeaWater"/>
      </Unit6>
      <Unit7>
        <Filename Value="declarations_netcdf.pas"/>
        <IsPartOfProject Value="True"/>
      </Unit7>
      <Unit8>
        <Filename Value="ossupporttables.pas"/>
        <IsPartOfProject Value="True"/>
        <ComponentName Value="frmsupporttables"/>
        <HasResources Value="True"/>
        <ResourceBaseClass Value="Form"/>
      </Unit8>
      <Unit9>
        <Filename Value="ossupporttables_update.pas"/>
        <IsPartOfProject Value="True"/>
        <ComponentName Value="frmsupporttables_update"/>
        <HasResources Value="True"/>
        <ResourceBaseClass Value="Form"/>
      </Unit9>
      <Unit10>
        <Filename Value="osabout.pas"/>
        <IsPartOfProject Value="True"/>
      </Unit10>
      <Unit11>
        <Filename Value="osload_glodap_2019_v2_product.pas"/>
        <IsPartOfProject Value="True"/>
        <ComponentName Value="frmloadGLODAP_2019_v2_product"/>
        <HasResources Value="True"/>
        <ResourceBaseClass Value="Form"/>
        <UnitName Value="osload_GLODAP_2019_v2_product"/>
      </Unit11>
      <Unit12>
        <Filename Value="osstatistics.pas"/>
        <IsPartOfProject Value="True"/>
        <ComponentName Value="frmosstatistics"/>
        <HasResources Value="True"/>
        <ResourceBaseClass Value="Form"/>
      </Unit12>
      <Unit13>
        <Filename Value="osmap_kml.pas"/>
        <IsPartOfProject Value="True"/>
        <ComponentName Value="frmmap"/>
        <HasResources Value="True"/>
        <ResourceBaseClass Value="Form"/>
      </Unit13>
      <Unit14>
        <Filename Value="osprofile_station_all.pas"/>
        <IsPartOfProject Value="True"/>
        <ComponentName Value="frmprofile_station_all"/>
        <HasResources Value="True"/>
        <ResourceBaseClass Value="Form"/>
      </Unit14>
      <Unit15>
        <Filename Value="osload_wod18.pas"/>
        <IsPartOfProject Value="True"/>
        <ComponentName Value="frmloadWOD18"/>
        <HasResources Value="True"/>
        <ResourceBaseClass Value="Form"/>
        <UnitName Value="osload_WOD18"/>
      </Unit15>
      <Unit16>
        <Filename Value="osmap_datastreams.pas"/>
        <IsPartOfProject Value="True"/>
      </Unit16>
      <Unit17>
        <Filename Value="osmap_geometry.pas"/>
        <IsPartOfProject Value="True"/>
      </Unit17>
      <Unit18>
        <Filename Value="osmap_globctrl.pas"/>
        <IsPartOfProject Value="True"/>
      </Unit18>
      <Unit19>
        <Filename Value="osmap_wkt.pas"/>
        <IsPartOfProject Value="True"/>
      </Unit19>
      <Unit20>
        <Filename Value="osmap.pas"/>
        <IsPartOfProject Value="True"/>
        <ComponentName Value="frmmap"/>
        <HasResources Value="True"/>
        <ResourceBaseClass Value="Form"/>
      </Unit20>
      <Unit21>
        <Filename Value="icons.pas"/>
        <IsPartOfProject Value="True"/>
        <ComponentName Value="frmicons"/>
        <HasResources Value="True"/>
        <ResourceBaseClass Value="DataModule"/>
      </Unit21>
      <Unit22>
        <Filename Value="osmap_settings.pas"/>
        <IsPartOfProject Value="True"/>
        <ComponentName Value="frmosmap_settings"/>
        <HasResources Value="True"/>
        <ResourceBaseClass Value="Form"/>
      </Unit22>
      <Unit23>
        <Filename Value="osload_pangaeatab.pas"/>
        <IsPartOfProject Value="True"/>
        <ComponentName Value="frmloadPangaeaTab"/>
        <HasResources Value="True"/>
        <ResourceBaseClass Value="Form"/>
        <UnitName Value="osload_PangaeaTab"/>
      </Unit23>
      <Unit24>
        <Filename Value="osselection_advanced.pas"/>
        <IsPartOfProject Value="True"/>
        <ComponentName Value="frmadvancedselection"/>
        <HasResources Value="True"/>
        <ResourceBaseClass Value="Form"/>
      </Unit24>
      <Unit25>
        <Filename Value="osexport_divand.pas"/>
        <IsPartOfProject Value="True"/>
        <ComponentName Value="frmosexport_divand"/>
        <HasResources Value="True"/>
        <ResourceBaseClass Value="Form"/>
      </Unit25>
      <Unit26>
        <Filename Value="osbathymetry.pas"/>
        <IsPartOfProject Value="True"/>
      </Unit26>
      <Unit27>
        <Filename Value="arbytraryregion.pas"/>
        <IsPartOfProject Value="True"/>
      </Unit27>
      <Unit28>
        <Filename Value="osparameters_list.pas"/>
        <IsPartOfProject Value="True"/>
        <ComponentName Value="frmparameters_list"/>
        <HasResources Value="True"/>
        <ResourceBaseClass Value="Form"/>
      </Unit28>
      <Unit29>
        <Filename Value="osprofile_plot_all.pas"/>
        <IsPartOfProject Value="True"/>
        <ComponentName Value="frmprofile_plot_all"/>
        <HasResources Value="True"/>
        <ResourceBaseClass Value="Form"/>
      </Unit29>
      <Unit30>
        <Filename Value="osprofile_station_single.pas"/>
        <IsPartOfProject Value="True"/>
        <ComponentName Value="frmprofile_station_single"/>
        <HasResources Value="True"/>
        <ResourceBaseClass Value="Form"/>
      </Unit30>
      <Unit31>
        <Filename Value="osservicestatistics.pas"/>
        <IsPartOfProject Value="True"/>
        <ComponentName Value="frmservicestatistics"/>
        <HasResources Value="True"/>
        <ResourceBaseClass Value="Form"/>
      </Unit31>
      <Unit32>
        <Filename Value="osexport_ascii.pas"/>
        <IsPartOfProject Value="True"/>
      </Unit32>
      <Unit33>
        <Filename Value="osselection_customsql.pas"/>
        <IsPartOfProject Value="True"/>
        <ComponentName Value="frmselection_customsql"/>
        <HasResources Value="True"/>
        <ResourceBaseClass Value="Form"/>
      </Unit33>
      <Unit34>
        <Filename Value="osunitsconversion.pas"/>
        <IsPartOfProject Value="True"/>
      </Unit34>
      <Unit35>
        <Filename Value="osload_argo.pas"/>
        <IsPartOfProject Value="True"/>
        <ComponentName Value="frmload_argo"/>
        <HasResources Value="True"/>
        <ResourceBaseClass Value="Form"/>
      </Unit35>
      <Unit36>
        <Filename Value="oscreatenewdb.pas"/>
        <IsPartOfProject Value="True"/>
        <ComponentName Value="frmcreatenewdb"/>
        <HasResources Value="True"/>
        <ResourceBaseClass Value="Form"/>
      </Unit36>
      <Unit37>
        <Filename Value="osimport_fdb.pas"/>
        <IsPartOfProject Value="True"/>
        <ComponentName Value="frmimport_fdb"/>
        <HasResources Value="True"/>
        <ResourceBaseClass Value="Form"/>
      </Unit37>
      <Unit38>
        <Filename Value="osstatistics_ak.pas"/>
        <IsPartOfProject Value="True"/>
        <ComponentName Value="frmosstatistics_AK"/>
        <HasResources Value="True"/>
        <ResourceBaseClass Value="Form"/>
        <UnitName Value="osstatistics_AK"/>
      </Unit38>
      <Unit39>
        <Filename Value="osqc_dbar_meters_consistency.pas"/>
        <IsPartOfProject Value="True"/>
        <ComponentName Value="frmqc_dbar_meters_consistency"/>
        <HasResources Value="True"/>
        <ResourceBaseClass Value="Form"/>
      </Unit39>
      <Unit40>
        <Filename Value="osqc_duplicates.pas"/>
        <IsPartOfProject Value="True"/>
        <ComponentName Value="frmqc_duplicates"/>
        <HasResources Value="True"/>
        <ResourceBaseClass Value="Form"/>
      </Unit40>
      <Unit41>
        <Filename Value="osunitsupdate.pas"/>
        <IsPartOfProject Value="True"/>
        <ComponentName Value="frmuntsupdate"/>
        <HasResources Value="True"/>
        <ResourceBaseClass Value="Form"/>
      </Unit41>
      <Unit42>
        <Filename Value="osbathymetry_plot.pas"/>
        <IsPartOfProject Value="True"/>
        <ComponentName Value="frmbathymetry_plot"/>
        <HasResources Value="True"/>
        <ResourceBaseClass Value="Form"/>
      </Unit42>
      <Unit43>
        <Filename Value="surfer_settings.pas"/>
        <IsPartOfProject Value="True"/>
        <ComponentName Value="frmsurfersettings"/>
        <HasResources Value="True"/>
        <ResourceBaseClass Value="Form"/>
      </Unit43>
      <Unit44>
        <Filename Value="surfer_field.pas"/>
        <IsPartOfProject Value="True"/>
      </Unit44>
      <Unit45>
        <Filename Value="osqc_meanprofile.pas"/>
        <IsPartOfProject Value="True"/>
        <ComponentName Value="frmQC_MeanProfile"/>
        <HasResources Value="True"/>
        <ResourceBaseClass Value="Form"/>
      </Unit45>
      <Unit46>
        <Filename Value="osviz_surfer_squares.pas"/>
        <IsPartOfProject Value="True"/>
        <ComponentName Value="frmviz_surfer_squares"/>
        <HasResources Value="True"/>
        <ResourceBaseClass Value="Form"/>
        <UnitName Value="osViz_surfer_squares"/>
      </Unit46>
      <Unit47>
        <Filename Value="osdbstructure_updater.pas"/>
        <IsPartOfProject Value="True"/>
      </Unit47>
      <Unit48>
        <Filename Value="osqc_setflags.pas"/>
        <IsPartOfProject Value="True"/>
        <ComponentName Value="Form1"/>
        <ResourceBaseClass Value="Form"/>
      </Unit48>
      <Unit49>
        <Filename Value="osmeteo.pas"/>
        <IsPartOfProject Value="True"/>
        <ComponentName Value="frmmeteo"/>
        <HasResources Value="True"/>
        <ResourceBaseClass Value="Form"/>
      </Unit49>
      <Unit50>
        <Filename Value="ostimedepthdiagram.pas"/>
        <IsPartOfProject Value="True"/>
        <ComponentName Value="frmtimedepthdiagram"/>
        <HasResources Value="True"/>
        <ResourceBaseClass Value="Form"/>
      </Unit50>
    </Units>
  </ProjectOptions>
  <CompilerOptions>
    <Version Value="11"/>
    <PathDelim Value="\"/>
    <Target>
      <Filename Value="..\OceanShell"/>
    </Target>
    <SearchPaths>
      <IncludeFiles Value="$(ProjOutDir)"/>
      <UnitOutputDirectory Value="lib\$(TargetCPU)-$(TargetOS)"/>
    </SearchPaths>
    <CodeGeneration>
      <SmartLinkUnit Value="True"/>
      <TargetCPU Value="x86_64"/>
    </CodeGeneration>
    <Linking>
      <Debugging>
        <GenerateDebugInfo Value="False"/>
        <StripSymbols Value="True"/>
      </Debugging>
      <LinkSmart Value="True"/>
      <Options>
        <Win32>
          <GraphicApplication Value="True"/>
        </Win32>
      </Options>
    </Linking>
    <Other>
      <Verbosity>
        <ShowDebugInfo Value="True"/>
      </Verbosity>
    </Other>
  </CompilerOptions>
  <Debugging>
    <Exceptions Count="4">
      <Item1>
        <Name Value="EAbort"/>
      </Item1>
      <Item2>
        <Name Value="ECodetoolError"/>
      </Item2>
      <Item3>
        <Name Value="EFOpenError"/>
      </Item3>
      <Item4>
        <Name Value="EClassNotFound"/>
      </Item4>
    </Exceptions>
  </Debugging>
</CONFIG>
